
Microsoft Visual Studio Solution File, Format Version 12.00
# Visual Studio 15
VisualStudioVersion = 15.0.28307.572
MinimumVisualStudioVersion = 10.0.40219.1
Project("{FAE04EC0-301F-11D3-BF4B-00C04F79EFBC}") = "MultiThreadZip", "MultiThreadZip\MultiThreadZip.csproj", "{CF489ECE-5963-4CAB-95D4-738E03ADB075}"
EndProject
Global
	GlobalSection(SolutionConfigurationPlatforms) = preSolution
		Debug|Any CPU = Debug|Any CPU
		Release|Any CPU = Release|Any CPU
	EndGlobalSection
	GlobalSection(ProjectConfigurationPlatforms) = postSolution
		{CF489ECE-5963-4CAB-95D4-738E03ADB075}.Debug|Any CPU.ActiveCfg = Debug|Any CPU
		{CF489ECE-5963-4CAB-95D4-738E03ADB075}.Debug|Any CPU.Build.0 = Debug|Any CPU
		{CF489ECE-5963-4CAB-95D4-738E03ADB075}.Release|Any CPU.ActiveCfg = Release|Any CPU
		{CF489ECE-5963-4CAB-95D4-738E03ADB075}.Release|Any CPU.Build.0 = Release|Any CPU
	EndGlobalSection
	GlobalSection(SolutionProperties) = preSolution
		HideSolutionNode = FALSE
	EndGlobalSection
	GlobalSection(ExtensibilityGlobals) = postSolution
		SolutionGuid = {F2352D69-5907-475F-A27E-A5F3F965845B}
	EndGlobalSection
EndGlobal
